
Microsoft Visual Studio Solution File, Format Version 12.00
# Visual Studio 15
VisualStudioVersion = 15.0.28307.271
MinimumVisualStudioVersion = 10.0.40219.1
Project("{FAE04EC0-301F-11D3-BF4B-00C04F79EFBC}") = "Folder", "TestWithOracle\Folder.csproj", "{2BC32D57-1655-40FC-A790-2412D60ED9B8}"
EndProject
Project("{FAE04EC0-301F-11D3-BF4B-00C04F79EFBC}") = "TEST_BUNIFU", "TEST_BUNIFU\TEST_BUNIFU.csproj", "{A267AD23-1766-405A-AA2D-66226BA6C410}"
EndProject
Project("{FAE04EC0-301F-11D3-BF4B-00C04F79EFBC}") = "Connect_To_Firebase", "Connect_To_Firebase\Connect_To_Firebase.csproj", "{960533BE-5188-40FC-BE8F-1E6099D56385}"
EndProject
Project("{FAE04EC0-301F-11D3-BF4B-00C04F79EFBC}") = "Connect_To_Oracle", "Connect_To_Oracle\Connect_To_Oracle.csproj", "{001FD48B-0BA9-4C7B-B710-EF3EDB020714}"
EndProject
Project("{FAE04EC0-301F-11D3-BF4B-00C04F79EFBC}") = "demo_form_connect_oracle", "demo_form_connect_oracle\demo_form_connect_oracle.csproj", "{3FBEE05B-DD24-49B5-882D-37702C944266}"
EndProject
Project("{FAE04EC0-301F-11D3-BF4B-00C04F79EFBC}") = "PhanQuyen", "PhanQuyen\PhanQuyen.csproj", "{3FF29F50-6C50-4348-94DE-A3D972DF13A2}"
EndProject
Project("{FAE04EC0-301F-11D3-BF4B-00C04F79EFBC}") = "ERP", "ERP\ERP.csproj", "{771C0449-E913-4552-A899-2CB3688433CE}"
EndProject
Project("{FAE04EC0-301F-11D3-BF4B-00C04F79EFBC}") = "Linear Search", "Linear Search\Linear Search.csproj", "{EB323FA0-9971-44F8-8496-76F08E289AA0}"
EndProject
Project("{FAE04EC0-301F-11D3-BF4B-00C04F79EFBC}") = "Bubble Sort", "Bubble Sort\Bubble Sort.csproj", "{4C1D8222-77A6-4B84-A519-25C034C05EBA}"
EndProject
Project("{FAE04EC0-301F-11D3-BF4B-00C04F79EFBC}") = "Insertion Sort", "Insertion Sort\Insertion Sort.csproj", "{73D30D7A-896D-4602-A89F-23CBE92B545E}"
EndProject
Project("{FAE04EC0-301F-11D3-BF4B-00C04F79EFBC}") = "Selection Sort", "Selection Sort\Selection Sort.csproj", "{F57E4957-24DA-4CC8-A6D1-52B4235755C6}"
EndProject
Project("{FAE04EC0-301F-11D3-BF4B-00C04F79EFBC}") = "Shell Sort", "Shell Sort\Shell Sort.csproj", "{133F9076-1081-4322-9E07-2008D5FD5052}"
EndProject
Project("{FAE04EC0-301F-11D3-BF4B-00C04F79EFBC}") = "Quick Sort", "Quick Sort\Quick Sort.csproj", "{1A00B526-854C-4DCB-AA6C-C89D60F9BCD0}"
EndProject
Project("{FAE04EC0-301F-11D3-BF4B-00C04F79EFBC}") = "Silent Install", "Silent Install\Silent Install.csproj", "{B7010647-A09A-4DEF-8E27-0B6761E1672E}"
EndProject
Project("{FAE04EC0-301F-11D3-BF4B-00C04F79EFBC}") = "Silentttt", "Silentttt\Silentttt.csproj", "{A98B09EF-92A1-4E23-96E9-49A36C29A432}"
EndProject
Project("{FAE04EC0-301F-11D3-BF4B-00C04F79EFBC}") = "Prime", "Prime\Prime.csproj", "{17A92017-EE33-4406-88D0-3B8B1C3DD3DB}"
EndProject
Project("{FAE04EC0-301F-11D3-BF4B-00C04F79EFBC}") = "Regular Expression", "Regular Expression\Regular Expression.csproj", "{0FBEB882-8785-454F-9F9C-91D6D36F787B}"
EndProject
Project("{FAE04EC0-301F-11D3-BF4B-00C04F79EFBC}") = "Oẳn tù tì", "Oẳn tù tì\Oẳn tù tì.csproj", "{8DA6CDF0-508E-4377-A3A5-1022A74D2F0F}"
EndProject
Project("{FAE04EC0-301F-11D3-BF4B-00C04F79EFBC}") = "UCLN", "UCLN\UCLN.csproj", "{531D1CB8-FD7D-4F4B-9527-86565774782D}"
EndProject
Project("{FAE04EC0-301F-11D3-BF4B-00C04F79EFBC}") = "palindrome", "palindrome\palindrome.csproj", "{C5802645-018A-420F-88A8-11D58C5ACF98}"
EndProject
Project("{FAE04EC0-301F-11D3-BF4B-00C04F79EFBC}") = "Array Maximal Adjacent Difference", "Array Maximal Adjacent Difference\Array Maximal Adjacent Difference.csproj", "{89F901E3-0083-4EDA-B64F-39AB3D5E0867}"
EndProject
Project("{FAE04EC0-301F-11D3-BF4B-00C04F79EFBC}") = "Check IPv4 Address", "Check IPv4 Address\Check IPv4 Address.csproj", "{51C80D62-58FF-4D24-888D-449849D43A8C}"
EndProject
Project("{FAE04EC0-301F-11D3-BF4B-00C04F79EFBC}") = "New Number System", "New Number System\New Number System.csproj", "{AFFF483B-2A72-4559-A59E-3DE76C55D2E4}"
EndProject
Project("{FAE04EC0-301F-11D3-BF4B-00C04F79EFBC}") = "Array Tripple", "Array Tripple\Array Tripple.csproj", "{A513F235-5D3D-4D07-ACEA-12C3D457FB2A}"
EndProject
Global
	GlobalSection(SolutionConfigurationPlatforms) = preSolution
		Debug|Any CPU = Debug|Any CPU
		Release|Any CPU = Release|Any CPU
	EndGlobalSection
	GlobalSection(ProjectConfigurationPlatforms) = postSolution
		{2BC32D57-1655-40FC-A790-2412D60ED9B8}.Debug|Any CPU.ActiveCfg = Debug|Any CPU
		{2BC32D57-1655-40FC-A790-2412D60ED9B8}.Debug|Any CPU.Build.0 = Debug|Any CPU
		{2BC32D57-1655-40FC-A790-2412D60ED9B8}.Release|Any CPU.ActiveCfg = Release|Any CPU
		{2BC32D57-1655-40FC-A790-2412D60ED9B8}.Release|Any CPU.Build.0 = Release|Any CPU
		{A267AD23-1766-405A-AA2D-66226BA6C410}.Debug|Any CPU.ActiveCfg = Debug|Any CPU
		{A267AD23-1766-405A-AA2D-66226BA6C410}.Debug|Any CPU.Build.0 = Debug|Any CPU
		{A267AD23-1766-405A-AA2D-66226BA6C410}.Release|Any CPU.ActiveCfg = Release|Any CPU
		{A267AD23-1766-405A-AA2D-66226BA6C410}.Release|Any CPU.Build.0 = Release|Any CPU
		{960533BE-5188-40FC-BE8F-1E6099D56385}.Debug|Any CPU.ActiveCfg = Debug|Any CPU
		{960533BE-5188-40FC-BE8F-1E6099D56385}.Debug|Any CPU.Build.0 = Debug|Any CPU
		{960533BE-5188-40FC-BE8F-1E6099D56385}.Release|Any CPU.ActiveCfg = Release|Any CPU
		{960533BE-5188-40FC-BE8F-1E6099D56385}.Release|Any CPU.Build.0 = Release|Any CPU
		{001FD48B-0BA9-4C7B-B710-EF3EDB020714}.Debug|Any CPU.ActiveCfg = Debug|Any CPU
		{001FD48B-0BA9-4C7B-B710-EF3EDB020714}.Debug|Any CPU.Build.0 = Debug|Any CPU
		{001FD48B-0BA9-4C7B-B710-EF3EDB020714}.Release|Any CPU.ActiveCfg = Release|Any CPU
		{001FD48B-0BA9-4C7B-B710-EF3EDB020714}.Release|Any CPU.Build.0 = Release|Any CPU
		{3FBEE05B-DD24-49B5-882D-37702C944266}.Debug|Any CPU.ActiveCfg = Debug|Any CPU
		{3FBEE05B-DD24-49B5-882D-37702C944266}.Debug|Any CPU.Build.0 = Debug|Any CPU
		{3FBEE05B-DD24-49B5-882D-37702C944266}.Release|Any CPU.ActiveCfg = Release|Any CPU
		{3FBEE05B-DD24-49B5-882D-37702C944266}.Release|Any CPU.Build.0 = Release|Any CPU
		{3FF29F50-6C50-4348-94DE-A3D972DF13A2}.Debug|Any CPU.ActiveCfg = Debug|Any CPU
		{3FF29F50-6C50-4348-94DE-A3D972DF13A2}.Debug|Any CPU.Build.0 = Debug|Any CPU
		{3FF29F50-6C50-4348-94DE-A3D972DF13A2}.Release|Any CPU.ActiveCfg = Release|Any CPU
		{3FF29F50-6C50-4348-94DE-A3D972DF13A2}.Release|Any CPU.Build.0 = Release|Any CPU
		{771C0449-E913-4552-A899-2CB3688433CE}.Debug|Any CPU.ActiveCfg = Debug|Any CPU
		{771C0449-E913-4552-A899-2CB3688433CE}.Debug|Any CPU.Build.0 = Debug|Any CPU
		{771C0449-E913-4552-A899-2CB3688433CE}.Release|Any CPU.ActiveCfg = Release|Any CPU
		{771C0449-E913-4552-A899-2CB3688433CE}.Release|Any CPU.Build.0 = Release|Any CPU
		{EB323FA0-9971-44F8-8496-76F08E289AA0}.Debug|Any CPU.ActiveCfg = Debug|Any CPU
		{EB323FA0-9971-44F8-8496-76F08E289AA0}.Debug|Any CPU.Build.0 = Debug|Any CPU
		{EB323FA0-9971-44F8-8496-76F08E289AA0}.Release|Any CPU.ActiveCfg = Release|Any CPU
		{EB323FA0-9971-44F8-8496-76F08E289AA0}.Release|Any CPU.Build.0 = Release|Any CPU
		{4C1D8222-77A6-4B84-A519-25C034C05EBA}.Debug|Any CPU.ActiveCfg = Debug|Any CPU
		{4C1D8222-77A6-4B84-A519-25C034C05EBA}.Debug|Any CPU.Build.0 = Debug|Any CPU
		{4C1D8222-77A6-4B84-A519-25C034C05EBA}.Release|Any CPU.ActiveCfg = Release|Any CPU
		{4C1D8222-77A6-4B84-A519-25C034C05EBA}.Release|Any CPU.Build.0 = Release|Any CPU
		{73D30D7A-896D-4602-A89F-23CBE92B545E}.Debug|Any CPU.ActiveCfg = Debug|Any CPU
		{73D30D7A-896D-4602-A89F-23CBE92B545E}.Debug|Any CPU.Build.0 = Debug|Any CPU
		{73D30D7A-896D-4602-A89F-23CBE92B545E}.Release|Any CPU.ActiveCfg = Release|Any CPU
		{73D30D7A-896D-4602-A89F-23CBE92B545E}.Release|Any CPU.Build.0 = Release|Any CPU
		{F57E4957-24DA-4CC8-A6D1-52B4235755C6}.Debug|Any CPU.ActiveCfg = Debug|Any CPU
		{F57E4957-24DA-4CC8-A6D1-52B4235755C6}.Debug|Any CPU.Build.0 = Debug|Any CPU
		{F57E4957-24DA-4CC8-A6D1-52B4235755C6}.Release|Any CPU.ActiveCfg = Release|Any CPU
		{F57E4957-24DA-4CC8-A6D1-52B4235755C6}.Release|Any CPU.Build.0 = Release|Any CPU
		{133F9076-1081-4322-9E07-2008D5FD5052}.Debug|Any CPU.ActiveCfg = Debug|Any CPU
		{133F9076-1081-4322-9E07-2008D5FD5052}.Debug|Any CPU.Build.0 = Debug|Any CPU
		{133F9076-1081-4322-9E07-2008D5FD5052}.Release|Any CPU.ActiveCfg = Release|Any CPU
		{133F9076-1081-4322-9E07-2008D5FD5052}.Release|Any CPU.Build.0 = Release|Any CPU
		{1A00B526-854C-4DCB-AA6C-C89D60F9BCD0}.Debug|Any CPU.ActiveCfg = Debug|Any CPU
		{1A00B526-854C-4DCB-AA6C-C89D60F9BCD0}.Debug|Any CPU.Build.0 = Debug|Any CPU
		{1A00B526-854C-4DCB-AA6C-C89D60F9BCD0}.Release|Any CPU.ActiveCfg = Release|Any CPU
		{1A00B526-854C-4DCB-AA6C-C89D60F9BCD0}.Release|Any CPU.Build.0 = Release|Any CPU
		{B7010647-A09A-4DEF-8E27-0B6761E1672E}.Debug|Any CPU.ActiveCfg = Debug|Any CPU
		{B7010647-A09A-4DEF-8E27-0B6761E1672E}.Debug|Any CPU.Build.0 = Debug|Any CPU
		{B7010647-A09A-4DEF-8E27-0B6761E1672E}.Release|Any CPU.ActiveCfg = Release|Any CPU
		{B7010647-A09A-4DEF-8E27-0B6761E1672E}.Release|Any CPU.Build.0 = Release|Any CPU
		{A98B09EF-92A1-4E23-96E9-49A36C29A432}.Debug|Any CPU.ActiveCfg = Debug|Any CPU
		{A98B09EF-92A1-4E23-96E9-49A36C29A432}.Debug|Any CPU.Build.0 = Debug|Any CPU
		{A98B09EF-92A1-4E23-96E9-49A36C29A432}.Release|Any CPU.ActiveCfg = Release|Any CPU
		{A98B09EF-92A1-4E23-96E9-49A36C29A432}.Release|Any CPU.Build.0 = Release|Any CPU
		{17A92017-EE33-4406-88D0-3B8B1C3DD3DB}.Debug|Any CPU.ActiveCfg = Debug|Any CPU
		{17A92017-EE33-4406-88D0-3B8B1C3DD3DB}.Debug|Any CPU.Build.0 = Debug|Any CPU
		{17A92017-EE33-4406-88D0-3B8B1C3DD3DB}.Release|Any CPU.ActiveCfg = Release|Any CPU
		{17A92017-EE33-4406-88D0-3B8B1C3DD3DB}.Release|Any CPU.Build.0 = Release|Any CPU
		{0FBEB882-8785-454F-9F9C-91D6D36F787B}.Debug|Any CPU.ActiveCfg = Debug|Any CPU
		{0FBEB882-8785-454F-9F9C-91D6D36F787B}.Debug|Any CPU.Build.0 = Debug|Any CPU
		{0FBEB882-8785-454F-9F9C-91D6D36F787B}.Release|Any CPU.ActiveCfg = Release|Any CPU
		{0FBEB882-8785-454F-9F9C-91D6D36F787B}.Release|Any CPU.Build.0 = Release|Any CPU
		{8DA6CDF0-508E-4377-A3A5-1022A74D2F0F}.Debug|Any CPU.ActiveCfg = Debug|Any CPU
		{8DA6CDF0-508E-4377-A3A5-1022A74D2F0F}.Debug|Any CPU.Build.0 = Debug|Any CPU
		{8DA6CDF0-508E-4377-A3A5-1022A74D2F0F}.Release|Any CPU.ActiveCfg = Release|Any CPU
		{8DA6CDF0-508E-4377-A3A5-1022A74D2F0F}.Release|Any CPU.Build.0 = Release|Any CPU
		{531D1CB8-FD7D-4F4B-9527-86565774782D}.Debug|Any CPU.ActiveCfg = Debug|Any CPU
		{531D1CB8-FD7D-4F4B-9527-86565774782D}.Debug|Any CPU.Build.0 = Debug|Any CPU
		{531D1CB8-FD7D-4F4B-9527-86565774782D}.Release|Any CPU.ActiveCfg = Release|Any CPU
		{531D1CB8-FD7D-4F4B-9527-86565774782D}.Release|Any CPU.Build.0 = Release|Any CPU
		{C5802645-018A-420F-88A8-11D58C5ACF98}.Debug|Any CPU.ActiveCfg = Debug|Any CPU
		{C5802645-018A-420F-88A8-11D58C5ACF98}.Debug|Any CPU.Build.0 = Debug|Any CPU
		{C5802645-018A-420F-88A8-11D58C5ACF98}.Release|Any CPU.ActiveCfg = Release|Any CPU
		{C5802645-018A-420F-88A8-11D58C5ACF98}.Release|Any CPU.Build.0 = Release|Any CPU
		{89F901E3-0083-4EDA-B64F-39AB3D5E0867}.Debug|Any CPU.ActiveCfg = Debug|Any CPU
		{89F901E3-0083-4EDA-B64F-39AB3D5E0867}.Debug|Any CPU.Build.0 = Debug|Any CPU
		{89F901E3-0083-4EDA-B64F-39AB3D5E0867}.Release|Any CPU.ActiveCfg = Release|Any CPU
		{89F901E3-0083-4EDA-B64F-39AB3D5E0867}.Release|Any CPU.Build.0 = Release|Any CPU
		{51C80D62-58FF-4D24-888D-449849D43A8C}.Debug|Any CPU.ActiveCfg = Debug|Any CPU
		{51C80D62-58FF-4D24-888D-449849D43A8C}.Debug|Any CPU.Build.0 = Debug|Any CPU
		{51C80D62-58FF-4D24-888D-449849D43A8C}.Release|Any CPU.ActiveCfg = Release|Any CPU
		{51C80D62-58FF-4D24-888D-449849D43A8C}.Release|Any CPU.Build.0 = Release|Any CPU
		{AFFF483B-2A72-4559-A59E-3DE76C55D2E4}.Debug|Any CPU.ActiveCfg = Debug|Any CPU
		{AFFF483B-2A72-4559-A59E-3DE76C55D2E4}.Debug|Any CPU.Build.0 = Debug|Any CPU
		{AFFF483B-2A72-4559-A59E-3DE76C55D2E4}.Release|Any CPU.ActiveCfg = Release|Any CPU
		{AFFF483B-2A72-4559-A59E-3DE76C55D2E4}.Release|Any CPU.Build.0 = Release|Any CPU
		{A513F235-5D3D-4D07-ACEA-12C3D457FB2A}.Debug|Any CPU.ActiveCfg = Debug|Any CPU
		{A513F235-5D3D-4D07-ACEA-12C3D457FB2A}.Debug|Any CPU.Build.0 = Debug|Any CPU
		{A513F235-5D3D-4D07-ACEA-12C3D457FB2A}.Release|Any CPU.ActiveCfg = Release|Any CPU
		{A513F235-5D3D-4D07-ACEA-12C3D457FB2A}.Release|Any CPU.Build.0 = Release|Any CPU
	EndGlobalSection
	GlobalSection(SolutionProperties) = preSolution
		HideSolutionNode = FALSE
	EndGlobalSection
	GlobalSection(ExtensibilityGlobals) = postSolution
		SolutionGuid = {AF0A3D58-B747-4610-A0EC-6F6B106E8505}
	EndGlobalSection
EndGlobal
